
Microsoft Visual Studio Solution File, Format Version 12.00
# Visual Studio Version 17
VisualStudioVersion = 17.6.33829.357
MinimumVisualStudioVersion = 10.0.40219.1
Project("{FAE04EC0-301F-11D3-BF4B-00C04F79EFBC}") = "StudentsAPP", "StudentsAPP\StudentsAPP.csproj", "{67623ECA-3B2C-4D87-AA90-97CCA75B01AA}"
EndProject
Project("{FAE04EC0-301F-11D3-BF4B-00C04F79EFBC}") = "BookStoreAPI", "BookStoreAPI\BookStoreAPI.csproj", "{1BAB63D0-9ACB-49BC-9657-826F66D7B630}"
EndProject
Global
	GlobalSection(SolutionConfigurationPlatforms) = preSolution
		Debug|Any CPU = Debug|Any CPU
		Release|Any CPU = Release|Any CPU
	EndGlobalSection
	GlobalSection(ProjectConfigurationPlatforms) = postSolution
		{67623ECA-3B2C-4D87-AA90-97CCA75B01AA}.Debug|Any CPU.ActiveCfg = Debug|Any CPU
		{67623ECA-3B2C-4D87-AA90-97CCA75B01AA}.Debug|Any CPU.Build.0 = Debug|Any CPU
		{67623ECA-3B2C-4D87-AA90-97CCA75B01AA}.Release|Any CPU.ActiveCfg = Release|Any CPU
		{67623ECA-3B2C-4D87-AA90-97CCA75B01AA}.Release|Any CPU.Build.0 = Release|Any CPU
		{1BAB63D0-9ACB-49BC-9657-826F66D7B630}.Debug|Any CPU.ActiveCfg = Debug|Any CPU
		{1BAB63D0-9ACB-49BC-9657-826F66D7B630}.Debug|Any CPU.Build.0 = Debug|Any CPU
		{1BAB63D0-9ACB-49BC-9657-826F66D7B630}.Release|Any CPU.ActiveCfg = Release|Any CPU
		{1BAB63D0-9ACB-49BC-9657-826F66D7B630}.Release|Any CPU.Build.0 = Release|Any CPU
	EndGlobalSection
	GlobalSection(SolutionProperties) = preSolution
		HideSolutionNode = FALSE
	EndGlobalSection
	GlobalSection(ExtensibilityGlobals) = postSolution
		SolutionGuid = {1B4B4BAC-7971-4E52-91A1-93E4FD7EB83F}
	EndGlobalSection
EndGlobal
