
Microsoft Visual Studio Solution File, Format Version 12.00
# Visual Studio Version 17
VisualStudioVersion = 17.6.33829.357
MinimumVisualStudioVersion = 10.0.40219.1
Project("{FAE04EC0-301F-11D3-BF4B-00C04F79EFBC}") = "Pronia", "Pronia\Pronia.csproj", "{05D6B251-5375-4A77-81B7-7069D666B923}"
EndProject
Global
	GlobalSection(SolutionConfigurationPlatforms) = preSolution
		Debug|Any CPU = Debug|Any CPU
		Release|Any CPU = Release|Any CPU
	EndGlobalSection
	GlobalSection(ProjectConfigurationPlatforms) = postSolution
		{05D6B251-5375-4A77-81B7-7069D666B923}.Debug|Any CPU.ActiveCfg = Debug|Any CPU
		{05D6B251-5375-4A77-81B7-7069D666B923}.Debug|Any CPU.Build.0 = Debug|Any CPU
		{05D6B251-5375-4A77-81B7-7069D666B923}.Release|Any CPU.ActiveCfg = Release|Any CPU
		{05D6B251-5375-4A77-81B7-7069D666B923}.Release|Any CPU.Build.0 = Release|Any CPU
	EndGlobalSection
	GlobalSection(SolutionProperties) = preSolution
		HideSolutionNode = FALSE
	EndGlobalSection
	GlobalSection(ExtensibilityGlobals) = postSolution
		SolutionGuid = {567DE502-48CE-4EF0-92EB-23476F57095E}
	EndGlobalSection
EndGlobal
