
Microsoft Visual Studio Solution File, Format Version 12.00
# Visual Studio Version 17
VisualStudioVersion = 17.6.33829.357
MinimumVisualStudioVersion = 10.0.40219.1
Project("{FAE04EC0-301F-11D3-BF4B-00C04F79EFBC}") = "Blank", "Blank\Blank.csproj", "{1B986949-9F4E-405F-BA9F-7551756A466E}"
EndProject
Global
	GlobalSection(SolutionConfigurationPlatforms) = preSolution
		Debug|Any CPU = Debug|Any CPU
		Release|Any CPU = Release|Any CPU
	EndGlobalSection
	GlobalSection(ProjectConfigurationPlatforms) = postSolution
		{1B986949-9F4E-405F-BA9F-7551756A466E}.Debug|Any CPU.ActiveCfg = Debug|Any CPU
		{1B986949-9F4E-405F-BA9F-7551756A466E}.Debug|Any CPU.Build.0 = Debug|Any CPU
		{1B986949-9F4E-405F-BA9F-7551756A466E}.Release|Any CPU.ActiveCfg = Release|Any CPU
		{1B986949-9F4E-405F-BA9F-7551756A466E}.Release|Any CPU.Build.0 = Release|Any CPU
	EndGlobalSection
	GlobalSection(SolutionProperties) = preSolution
		HideSolutionNode = FALSE
	EndGlobalSection
	GlobalSection(ExtensibilityGlobals) = postSolution
		SolutionGuid = {7A95A785-4CBF-431D-A7D8-0B07EAA3BA94}
	EndGlobalSection
EndGlobal
