
Microsoft Visual Studio Solution File, Format Version 12.00
# Visual Studio Version 17
VisualStudioVersion = 17.6.33829.357
MinimumVisualStudioVersion = 10.0.40219.1
Project("{FAE04EC0-301F-11D3-BF4B-00C04F79EFBC}") = "Class_Base_Encapsulation", "Class_Base_Encapsulation\Class_Base_Encapsulation.csproj", "{D013C0A2-1284-46F7-8ED2-E39FF1D20294}"
EndProject
Project("{FAE04EC0-301F-11D3-BF4B-00C04F79EFBC}") = "Encapsulation", "Encapsulation\Encapsulation.csproj", "{73D413A2-BCEE-4F00-8FB8-1CC506E0BE04}"
EndProject
Project("{FAE04EC0-301F-11D3-BF4B-00C04F79EFBC}") = "ClassTask", "ClassTask\ClassTask.csproj", "{BB4982C4-E902-4187-AB8D-7F8050DD9A71}"
EndProject
Global
	GlobalSection(SolutionConfigurationPlatforms) = preSolution
		Debug|Any CPU = Debug|Any CPU
		Release|Any CPU = Release|Any CPU
	EndGlobalSection
	GlobalSection(ProjectConfigurationPlatforms) = postSolution
		{D013C0A2-1284-46F7-8ED2-E39FF1D20294}.Debug|Any CPU.ActiveCfg = Debug|Any CPU
		{D013C0A2-1284-46F7-8ED2-E39FF1D20294}.Debug|Any CPU.Build.0 = Debug|Any CPU
		{D013C0A2-1284-46F7-8ED2-E39FF1D20294}.Release|Any CPU.ActiveCfg = Release|Any CPU
		{D013C0A2-1284-46F7-8ED2-E39FF1D20294}.Release|Any CPU.Build.0 = Release|Any CPU
		{73D413A2-BCEE-4F00-8FB8-1CC506E0BE04}.Debug|Any CPU.ActiveCfg = Debug|Any CPU
		{73D413A2-BCEE-4F00-8FB8-1CC506E0BE04}.Debug|Any CPU.Build.0 = Debug|Any CPU
		{73D413A2-BCEE-4F00-8FB8-1CC506E0BE04}.Release|Any CPU.ActiveCfg = Release|Any CPU
		{73D413A2-BCEE-4F00-8FB8-1CC506E0BE04}.Release|Any CPU.Build.0 = Release|Any CPU
		{BB4982C4-E902-4187-AB8D-7F8050DD9A71}.Debug|Any CPU.ActiveCfg = Debug|Any CPU
		{BB4982C4-E902-4187-AB8D-7F8050DD9A71}.Debug|Any CPU.Build.0 = Debug|Any CPU
		{BB4982C4-E902-4187-AB8D-7F8050DD9A71}.Release|Any CPU.ActiveCfg = Release|Any CPU
		{BB4982C4-E902-4187-AB8D-7F8050DD9A71}.Release|Any CPU.Build.0 = Release|Any CPU
	EndGlobalSection
	GlobalSection(SolutionProperties) = preSolution
		HideSolutionNode = FALSE
	EndGlobalSection
	GlobalSection(ExtensibilityGlobals) = postSolution
		SolutionGuid = {3F758BA9-45B6-435A-9A48-B347A1F44EB4}
	EndGlobalSection
EndGlobal
