
Microsoft Visual Studio Solution File, Format Version 12.00
# Visual Studio Version 17
VisualStudioVersion = 17.6.33829.357
MinimumVisualStudioVersion = 10.0.40219.1
Project("{9A19103F-16F7-4668-BE54-9A1E7A4F7556}") = "27102023", "27102023\27102023.csproj", "{547273DA-5B0E-49C2-9420-7E5C655EA023}"
EndProject
Project("{9A19103F-16F7-4668-BE54-9A1E7A4F7556}") = "Lesson", "Lesson\Lesson.csproj", "{FA195C95-7B2D-427B-89D5-297A54A4481C}"
EndProject
Project("{FAE04EC0-301F-11D3-BF4B-00C04F79EFBC}") = "XMLBinarySerializationDeserialization", "XMLBinarySerializationDeserialization\XMLBinarySerializationDeserialization.csproj", "{73D64D7A-4F36-4C0F-A523-C9BA4F221D81}"
EndProject
Global
	GlobalSection(SolutionConfigurationPlatforms) = preSolution
		Debug|Any CPU = Debug|Any CPU
		Release|Any CPU = Release|Any CPU
	EndGlobalSection
	GlobalSection(ProjectConfigurationPlatforms) = postSolution
		{547273DA-5B0E-49C2-9420-7E5C655EA023}.Debug|Any CPU.ActiveCfg = Debug|Any CPU
		{547273DA-5B0E-49C2-9420-7E5C655EA023}.Debug|Any CPU.Build.0 = Debug|Any CPU
		{547273DA-5B0E-49C2-9420-7E5C655EA023}.Release|Any CPU.ActiveCfg = Release|Any CPU
		{547273DA-5B0E-49C2-9420-7E5C655EA023}.Release|Any CPU.Build.0 = Release|Any CPU
		{FA195C95-7B2D-427B-89D5-297A54A4481C}.Debug|Any CPU.ActiveCfg = Debug|Any CPU
		{FA195C95-7B2D-427B-89D5-297A54A4481C}.Debug|Any CPU.Build.0 = Debug|Any CPU
		{FA195C95-7B2D-427B-89D5-297A54A4481C}.Release|Any CPU.ActiveCfg = Release|Any CPU
		{FA195C95-7B2D-427B-89D5-297A54A4481C}.Release|Any CPU.Build.0 = Release|Any CPU
		{73D64D7A-4F36-4C0F-A523-C9BA4F221D81}.Debug|Any CPU.ActiveCfg = Debug|Any CPU
		{73D64D7A-4F36-4C0F-A523-C9BA4F221D81}.Debug|Any CPU.Build.0 = Debug|Any CPU
		{73D64D7A-4F36-4C0F-A523-C9BA4F221D81}.Release|Any CPU.ActiveCfg = Release|Any CPU
		{73D64D7A-4F36-4C0F-A523-C9BA4F221D81}.Release|Any CPU.Build.0 = Release|Any CPU
	EndGlobalSection
	GlobalSection(SolutionProperties) = preSolution
		HideSolutionNode = FALSE
	EndGlobalSection
	GlobalSection(ExtensibilityGlobals) = postSolution
		SolutionGuid = {130B808C-26C7-4CB9-8EA5-59A29D525A96}
	EndGlobalSection
EndGlobal
