
Microsoft Visual Studio Solution File, Format Version 12.00
# Visual Studio Version 17
VisualStudioVersion = 17.6.33829.357
MinimumVisualStudioVersion = 10.0.40219.1
Project("{FAE04EC0-301F-11D3-BF4B-00C04F79EFBC}") = "19102023", "19102023\19102023.csproj", "{3264FB34-551C-4DF5-8A3E-61B9D7924713}"
EndProject
Global
	GlobalSection(SolutionConfigurationPlatforms) = preSolution
		Debug|Any CPU = Debug|Any CPU
		Release|Any CPU = Release|Any CPU
	EndGlobalSection
	GlobalSection(ProjectConfigurationPlatforms) = postSolution
		{3264FB34-551C-4DF5-8A3E-61B9D7924713}.Debug|Any CPU.ActiveCfg = Debug|Any CPU
		{3264FB34-551C-4DF5-8A3E-61B9D7924713}.Debug|Any CPU.Build.0 = Debug|Any CPU
		{3264FB34-551C-4DF5-8A3E-61B9D7924713}.Release|Any CPU.ActiveCfg = Release|Any CPU
		{3264FB34-551C-4DF5-8A3E-61B9D7924713}.Release|Any CPU.Build.0 = Release|Any CPU
	EndGlobalSection
	GlobalSection(SolutionProperties) = preSolution
		HideSolutionNode = FALSE
	EndGlobalSection
	GlobalSection(ExtensibilityGlobals) = postSolution
		SolutionGuid = {8F30BC79-C11B-462F-BC5B-212D4A976FC0}
	EndGlobalSection
EndGlobal
