
Microsoft Visual Studio Solution File, Format Version 12.00
# Visual Studio Version 17
VisualStudioVersion = 17.6.33829.357
MinimumVisualStudioVersion = 10.0.40219.1
Project("{FAE04EC0-301F-11D3-BF4B-00C04F79EFBC}") = "Lesson", "Lesson\Lesson.csproj", "{7AFA8A59-E1AF-44F6-948A-F5E1F01DBA0A}"
EndProject
Project("{FAE04EC0-301F-11D3-BF4B-00C04F79EFBC}") = "AccessModifiers", "AccessModifiers\AccessModifiers.csproj", "{39EFE27D-8A30-4C26-9141-6F3E819962DC}"
EndProject
Project("{FAE04EC0-301F-11D3-BF4B-00C04F79EFBC}") = "ClassTask", "ClassTask\ClassTask.csproj", "{31D82B74-02AA-40B9-8832-1A4CB765F283}"
EndProject
Global
	GlobalSection(SolutionConfigurationPlatforms) = preSolution
		Debug|Any CPU = Debug|Any CPU
		Release|Any CPU = Release|Any CPU
	EndGlobalSection
	GlobalSection(ProjectConfigurationPlatforms) = postSolution
		{7AFA8A59-E1AF-44F6-948A-F5E1F01DBA0A}.Debug|Any CPU.ActiveCfg = Debug|Any CPU
		{7AFA8A59-E1AF-44F6-948A-F5E1F01DBA0A}.Debug|Any CPU.Build.0 = Debug|Any CPU
		{7AFA8A59-E1AF-44F6-948A-F5E1F01DBA0A}.Release|Any CPU.ActiveCfg = Release|Any CPU
		{7AFA8A59-E1AF-44F6-948A-F5E1F01DBA0A}.Release|Any CPU.Build.0 = Release|Any CPU
		{39EFE27D-8A30-4C26-9141-6F3E819962DC}.Debug|Any CPU.ActiveCfg = Debug|Any CPU
		{39EFE27D-8A30-4C26-9141-6F3E819962DC}.Debug|Any CPU.Build.0 = Debug|Any CPU
		{39EFE27D-8A30-4C26-9141-6F3E819962DC}.Release|Any CPU.ActiveCfg = Release|Any CPU
		{39EFE27D-8A30-4C26-9141-6F3E819962DC}.Release|Any CPU.Build.0 = Release|Any CPU
		{31D82B74-02AA-40B9-8832-1A4CB765F283}.Debug|Any CPU.ActiveCfg = Debug|Any CPU
		{31D82B74-02AA-40B9-8832-1A4CB765F283}.Debug|Any CPU.Build.0 = Debug|Any CPU
		{31D82B74-02AA-40B9-8832-1A4CB765F283}.Release|Any CPU.ActiveCfg = Release|Any CPU
		{31D82B74-02AA-40B9-8832-1A4CB765F283}.Release|Any CPU.Build.0 = Release|Any CPU
	EndGlobalSection
	GlobalSection(SolutionProperties) = preSolution
		HideSolutionNode = FALSE
	EndGlobalSection
	GlobalSection(ExtensibilityGlobals) = postSolution
		SolutionGuid = {42A24459-7B5E-430B-BD64-E79202F3BE0A}
	EndGlobalSection
EndGlobal
