
Microsoft Visual Studio Solution File, Format Version 12.00
# Visual Studio Version 17
VisualStudioVersion = 17.6.33829.357
MinimumVisualStudioVersion = 10.0.40219.1
Project("{FAE04EC0-301F-11D3-BF4B-00C04F79EFBC}") = "AdoNET", "AdoNET\AdoNET.csproj", "{9186EBDF-0614-4A59-9B3F-2FADCE79E6AB}"
EndProject
Global
	GlobalSection(SolutionConfigurationPlatforms) = preSolution
		Debug|Any CPU = Debug|Any CPU
		Release|Any CPU = Release|Any CPU
	EndGlobalSection
	GlobalSection(ProjectConfigurationPlatforms) = postSolution
		{9186EBDF-0614-4A59-9B3F-2FADCE79E6AB}.Debug|Any CPU.ActiveCfg = Debug|Any CPU
		{9186EBDF-0614-4A59-9B3F-2FADCE79E6AB}.Debug|Any CPU.Build.0 = Debug|Any CPU
		{9186EBDF-0614-4A59-9B3F-2FADCE79E6AB}.Release|Any CPU.ActiveCfg = Release|Any CPU
		{9186EBDF-0614-4A59-9B3F-2FADCE79E6AB}.Release|Any CPU.Build.0 = Release|Any CPU
	EndGlobalSection
	GlobalSection(SolutionProperties) = preSolution
		HideSolutionNode = FALSE
	EndGlobalSection
	GlobalSection(ExtensibilityGlobals) = postSolution
		SolutionGuid = {B9FF1217-97E7-49E2-BA0A-2BCB8B7473DB}
	EndGlobalSection
EndGlobal
